
Microsoft Visual Studio Solution File, Format Version 12.00
# Visual Studio Version 17
VisualStudioVersion = 17.1.32328.378
MinimumVisualStudioVersion = 10.0.40219.1
Project("{FAE04EC0-301F-11D3-BF4B-00C04F79EFBC}") = "TestTask", "TestTask\TestTask.csproj", "{1FC65039-9279-443A-AD01-D4ABAB2155F6}"
EndProject
Project("{FAE04EC0-301F-11D3-BF4B-00C04F79EFBC}") = "MinimumsTest", "MinimumsTest\MinimumsTest.csproj", "{12B2CD44-C46F-4FD3-8378-4D238B80342F}"
	ProjectSection(ProjectDependencies) = postProject
		{1FC65039-9279-443A-AD01-D4ABAB2155F6} = {1FC65039-9279-443A-AD01-D4ABAB2155F6}
	EndProjectSection
EndProject
Global
	GlobalSection(SolutionConfigurationPlatforms) = preSolution
		Debug|Any CPU = Debug|Any CPU
		Release|Any CPU = Release|Any CPU
	EndGlobalSection
	GlobalSection(ProjectConfigurationPlatforms) = postSolution
		{1FC65039-9279-443A-AD01-D4ABAB2155F6}.Debug|Any CPU.ActiveCfg = Debug|Any CPU
		{1FC65039-9279-443A-AD01-D4ABAB2155F6}.Debug|Any CPU.Build.0 = Debug|Any CPU
		{1FC65039-9279-443A-AD01-D4ABAB2155F6}.Release|Any CPU.ActiveCfg = Release|Any CPU
		{1FC65039-9279-443A-AD01-D4ABAB2155F6}.Release|Any CPU.Build.0 = Release|Any CPU
		{12B2CD44-C46F-4FD3-8378-4D238B80342F}.Debug|Any CPU.ActiveCfg = Debug|Any CPU
		{12B2CD44-C46F-4FD3-8378-4D238B80342F}.Debug|Any CPU.Build.0 = Debug|Any CPU
		{12B2CD44-C46F-4FD3-8378-4D238B80342F}.Release|Any CPU.ActiveCfg = Release|Any CPU
		{12B2CD44-C46F-4FD3-8378-4D238B80342F}.Release|Any CPU.Build.0 = Release|Any CPU
	EndGlobalSection
	GlobalSection(SolutionProperties) = preSolution
		HideSolutionNode = FALSE
	EndGlobalSection
	GlobalSection(ExtensibilityGlobals) = postSolution
		SolutionGuid = {B8E7214D-AD4A-4D5F-AC00-F329AB6F4EB8}
	EndGlobalSection
EndGlobal
